// !$*UTF8*$!
{
	archiveVersion = 1;
	classes = {
	};
	objectVersion = 56;
	objects = {

/* Begin PBXBuildFile section */
		28AA6D33299D4205008F1E65 /* AppDelegate.swift in Sources */ = {isa = PBXBuildFile; fileRef = 28AA6D32299D4205008F1E65 /* AppDelegate.swift */; };
		28AA6D35299D4205008F1E65 /* SceneDelegate.swift in Sources */ = {isa = PBXBuildFile; fileRef = 28AA6D34299D4205008F1E65 /* SceneDelegate.swift */; };
		28AA6D3A299D4205008F1E65 /* Main.storyboard in Resources */ = {isa = PBXBuildFile; fileRef = 28AA6D38299D4205008F1E65 /* Main.storyboard */; };
		28AA6D3C299D4208008F1E65 /* Assets.xcassets in Resources */ = {isa = PBXBuildFile; fileRef = 28AA6D3B299D4208008F1E65 /* Assets.xcassets */; };
		28AA6D3F299D4208008F1E65 /* LaunchScreen.storyboard in Resources */ = {isa = PBXBuildFile; fileRef = 28AA6D3D299D4208008F1E65 /* LaunchScreen.storyboard */; };
		28AA6D4D299D42BB008F1E65 /* ToDoListViewController.swift in Sources */ = {isa = PBXBuildFile; fileRef = 28AA6D4C299D42BB008F1E65 /* ToDoListViewController.swift */; };
		28AA6D50299D4962008F1E65 /* Tasks.swift in Sources */ = {isa = PBXBuildFile; fileRef = 28AA6D4F299D4962008F1E65 /* Tasks.swift */; };
		28AA6D53299D49A4008F1E65 /* TaskManager.swift in Sources */ = {isa = PBXBuildFile; fileRef = 28AA6D52299D49A4008F1E65 /* TaskManager.swift */; };
		28AA745829A19332008F1E65 /* ITaskManager.swift in Sources */ = {isa = PBXBuildFile; fileRef = 28AA745729A19332008F1E65 /* ITaskManager.swift */; };
		28AA745A29A1934A008F1E65 /* Repository.swift in Sources */ = {isa = PBXBuildFile; fileRef = 28AA745929A1934A008F1E65 /* Repository.swift */; };
		28AA745C29A19360008F1E65 /* OrderedTaskManager.swift in Sources */ = {isa = PBXBuildFile; fileRef = 28AA745B29A19360008F1E65 /* OrderedTaskManager.swift */; };
		28AA745E29A1936E008F1E65 /* SectionForTaskManagerAdapter.swift in Sources */ = {isa = PBXBuildFile; fileRef = 28AA745D29A1936E008F1E65 /* SectionForTaskManagerAdapter.swift */; };
/* End PBXBuildFile section */

/* Begin PBXFileReference section */
		28AA6D2F299D4205008F1E65 /* ToDoList.app */ = {isa = PBXFileReference; explicitFileType = wrapper.application; includeInIndex = 0; path = ToDoList.app; sourceTree = BUILT_PRODUCTS_DIR; };
		28AA6D32299D4205008F1E65 /* AppDelegate.swift */ = {isa = PBXFileReference; lastKnownFileType = sourcecode.swift; path = AppDelegate.swift; sourceTree = "<group>"; };
		28AA6D34299D4205008F1E65 /* SceneDelegate.swift */ = {isa = PBXFileReference; lastKnownFileType = sourcecode.swift; path = SceneDelegate.swift; sourceTree = "<group>"; };
		28AA6D39299D4205008F1E65 /* Base */ = {isa = PBXFileReference; lastKnownFileType = file.storyboard; name = Base; path = Base.lproj/Main.storyboard; sourceTree = "<group>"; };
		28AA6D3B299D4208008F1E65 /* Assets.xcassets */ = {isa = PBXFileReference; lastKnownFileType = folder.assetcatalog; path = Assets.xcassets; sourceTree = "<group>"; };
		28AA6D3E299D4208008F1E65 /* Base */ = {isa = PBXFileReference; lastKnownFileType = file.storyboard; name = Base; path = Base.lproj/LaunchScreen.storyboard; sourceTree = "<group>"; };
		28AA6D40299D4208008F1E65 /* Info.plist */ = {isa = PBXFileReference; lastKnownFileType = text.plist.xml; path = Info.plist; sourceTree = "<group>"; };
		28AA6D4C299D42BB008F1E65 /* ToDoListViewController.swift */ = {isa = PBXFileReference; lastKnownFileType = sourcecode.swift; path = ToDoListViewController.swift; sourceTree = "<group>"; };
		28AA6D4F299D4962008F1E65 /* Tasks.swift */ = {isa = PBXFileReference; lastKnownFileType = sourcecode.swift; path = Tasks.swift; sourceTree = "<group>"; };
		28AA6D52299D49A4008F1E65 /* TaskManager.swift */ = {isa = PBXFileReference; lastKnownFileType = sourcecode.swift; path = TaskManager.swift; sourceTree = "<group>"; };
		28AA745729A19332008F1E65 /* ITaskManager.swift */ = {isa = PBXFileReference; lastKnownFileType = sourcecode.swift; path = ITaskManager.swift; sourceTree = "<group>"; };
		28AA745929A1934A008F1E65 /* Repository.swift */ = {isa = PBXFileReference; lastKnownFileType = sourcecode.swift; path = Repository.swift; sourceTree = "<group>"; };
		28AA745B29A19360008F1E65 /* OrderedTaskManager.swift */ = {isa = PBXFileReference; lastKnownFileType = sourcecode.swift; path = OrderedTaskManager.swift; sourceTree = "<group>"; };
		28AA745D29A1936E008F1E65 /* SectionForTaskManagerAdapter.swift */ = {isa = PBXFileReference; lastKnownFileType = sourcecode.swift; path = SectionForTaskManagerAdapter.swift; sourceTree = "<group>"; };
/* End PBXFileReference section */

/* Begin PBXFrameworksBuildPhase section */
		28AA6D2C299D4205008F1E65 /* Frameworks */ = {
			isa = PBXFrameworksBuildPhase;
			buildActionMask = 2147483647;
			files = (
			);
			runOnlyForDeploymentPostprocessing = 0;
		};
/* End PBXFrameworksBuildPhase section */

/* Begin PBXGroup section */
		28AA6D26299D4205008F1E65 = {
			isa = PBXGroup;
			children = (
				28AA6D31299D4205008F1E65 /* ToDoList */,
				28AA6D30299D4205008F1E65 /* Products */,
			);
			sourceTree = "<group>";
		};
		28AA6D30299D4205008F1E65 /* Products */ = {
			isa = PBXGroup;
			children = (
				28AA6D2F299D4205008F1E65 /* ToDoList.app */,
			);
			name = Products;
			sourceTree = "<group>";
		};
		28AA6D31299D4205008F1E65 /* ToDoList */ = {
			isa = PBXGroup;
			children = (
				28AA6D49299D4255008F1E65 /* MainScreen */,
				28AA745729A19332008F1E65 /* ITaskManager.swift */,
				28AA745929A1934A008F1E65 /* Repository.swift */,
				28AA745B29A19360008F1E65 /* OrderedTaskManager.swift */,
				28AA745D29A1936E008F1E65 /* SectionForTaskManagerAdapter.swift */,
				28AA6D51299D4997008F1E65 /* BL */,
				28AA6D46299D422F008F1E65 /* Storyboards */,
				28AA6D47299D423F008F1E65 /* App */,
				28AA6D48299D4247008F1E65 /* Resources */,
			);
			path = ToDoList;
			sourceTree = "<group>";
		};
		28AA6D46299D422F008F1E65 /* Storyboards */ = {
			isa = PBXGroup;
			children = (
				28AA6D38299D4205008F1E65 /* Main.storyboard */,
				28AA6D3D299D4208008F1E65 /* LaunchScreen.storyboard */,
			);
			path = Storyboards;
			sourceTree = "<group>";
		};
		28AA6D47299D423F008F1E65 /* App */ = {
			isa = PBXGroup;
			children = (
				28AA6D32299D4205008F1E65 /* AppDelegate.swift */,
				28AA6D34299D4205008F1E65 /* SceneDelegate.swift */,
				28AA6D40299D4208008F1E65 /* Info.plist */,
			);
			path = App;
			sourceTree = "<group>";
		};
		28AA6D48299D4247008F1E65 /* Resources */ = {
			isa = PBXGroup;
			children = (
				28AA6D3B299D4208008F1E65 /* Assets.xcassets */,
			);
			path = Resources;
			sourceTree = "<group>";
		};
		28AA6D49299D4255008F1E65 /* MainScreen */ = {
			isa = PBXGroup;
			children = (
				28AA6D4C299D42BB008F1E65 /* ToDoListViewController.swift */,
			);
			path = MainScreen;
			sourceTree = "<group>";
		};
		28AA6D51299D4997008F1E65 /* BL */ = {
			isa = PBXGroup;
			children = (
				28AA6D52299D49A4008F1E65 /* TaskManager.swift */,
				28AA6D4F299D4962008F1E65 /* Tasks.swift */,
			);
			path = BL;
			sourceTree = "<group>";
		};
/* End PBXGroup section */

/* Begin PBXNativeTarget section */
		28AA6D2E299D4205008F1E65 /* ToDoList */ = {
			isa = PBXNativeTarget;
			buildConfigurationList = 28AA6D43299D4208008F1E65 /* Build configuration list for PBXNativeTarget "ToDoList" */;
			buildPhases = (
				28AA6D2B299D4205008F1E65 /* Sources */,
				28AA6D2C299D4205008F1E65 /* Frameworks */,
				28AA6D2D299D4205008F1E65 /* Resources */,
			);
			buildRules = (
			);
			dependencies = (
			);
			name = ToDoList;
			productName = ToDoList;
			productReference = 28AA6D2F299D4205008F1E65 /* ToDoList.app */;
			productType = "com.apple.product-type.application";
		};
/* End PBXNativeTarget section */

/* Begin PBXProject section */
		28AA6D27299D4205008F1E65 /* Project object */ = {
			isa = PBXProject;
			attributes = {
				BuildIndependentTargetsInParallel = 1;
				LastSwiftUpdateCheck = 1420;
				LastUpgradeCheck = 1420;
				TargetAttributes = {
					28AA6D2E299D4205008F1E65 = {
						CreatedOnToolsVersion = 14.2;
					};
				};
			};
			buildConfigurationList = 28AA6D2A299D4205008F1E65 /* Build configuration list for PBXProject "ToDoList" */;
			compatibilityVersion = "Xcode 14.0";
			developmentRegion = en;
			hasScannedForEncodings = 0;
			knownRegions = (
				en,
				Base,
			);
			mainGroup = 28AA6D26299D4205008F1E65;
			productRefGroup = 28AA6D30299D4205008F1E65 /* Products */;
			projectDirPath = "";
			projectRoot = "";
			targets = (
				28AA6D2E299D4205008F1E65 /* ToDoList */,
			);
		};
/* End PBXProject section */

/* Begin PBXResourcesBuildPhase section */
		28AA6D2D299D4205008F1E65 /* Resources */ = {
			isa = PBXResourcesBuildPhase;
			buildActionMask = 2147483647;
			files = (
				28AA6D3F299D4208008F1E65 /* LaunchScreen.storyboard in Resources */,
				28AA6D3C299D4208008F1E65 /* Assets.xcassets in Resources */,
				28AA6D3A299D4205008F1E65 /* Main.storyboard in Resources */,
			);
			runOnlyForDeploymentPostprocessing = 0;
		};
/* End PBXResourcesBuildPhase section */

/* Begin PBXSourcesBuildPhase section */
		28AA6D2B299D4205008F1E65 /* Sources */ = {
			isa = PBXSourcesBuildPhase;
			buildActionMask = 2147483647;
			files = (
				28AA745A29A1934A008F1E65 /* Repository.swift in Sources */,
				28AA6D50299D4962008F1E65 /* Tasks.swift in Sources */,
				28AA745E29A1936E008F1E65 /* SectionForTaskManagerAdapter.swift in Sources */,
				28AA6D33299D4205008F1E65 /* AppDelegate.swift in Sources */,
				28AA745829A19332008F1E65 /* ITaskManager.swift in Sources */,
				28AA6D53299D49A4008F1E65 /* TaskManager.swift in Sources */,
				28AA6D4D299D42BB008F1E65 /* ToDoListViewController.swift in Sources */,
				28AA745C29A19360008F1E65 /* OrderedTaskManager.swift in Sources */,
				28AA6D35299D4205008F1E65 /* SceneDelegate.swift in Sources */,
			);
			runOnlyForDeploymentPostprocessing = 0;
		};
/* End PBXSourcesBuildPhase section */

/* Begin PBXVariantGroup section */
		28AA6D38299D4205008F1E65 /* Main.storyboard */ = {
			isa = PBXVariantGroup;
			children = (
				28AA6D39299D4205008F1E65 /* Base */,
			);
			name = Main.storyboard;
			sourceTree = "<group>";
		};
		28AA6D3D299D4208008F1E65 /* LaunchScreen.storyboard */ = {
			isa = PBXVariantGroup;
			children = (
				28AA6D3E299D4208008F1E65 /* Base */,
			);
			name = LaunchScreen.storyboard;
			sourceTree = "<group>";
		};
/* End PBXVariantGroup section */

/* Begin XCBuildConfiguration section */
		28AA6D41299D4208008F1E65 /* Debug */ = {
			isa = XCBuildConfiguration;
			buildSettings = {
				ALWAYS_SEARCH_USER_PATHS = NO;
				CLANG_ANALYZER_NONNULL = YES;
				CLANG_ANALYZER_NUMBER_OBJECT_CONVERSION = YES_AGGRESSIVE;
				CLANG_CXX_LANGUAGE_STANDARD = "gnu++20";
				CLANG_ENABLE_MODULES = YES;
				CLANG_ENABLE_OBJC_ARC = YES;
				CLANG_ENABLE_OBJC_WEAK = YES;
				CLANG_WARN_BLOCK_CAPTURE_AUTORELEASING = YES;
				CLANG_WARN_BOOL_CONVERSION = YES;
				CLANG_WARN_COMMA = YES;
				CLANG_WARN_CONSTANT_CONVERSION = YES;
				CLANG_WARN_DEPRECATED_OBJC_IMPLEMENTATIONS = YES;
				CLANG_WARN_DIRECT_OBJC_ISA_USAGE = YES_ERROR;
				CLANG_WARN_DOCUMENTATION_COMMENTS = YES;
				CLANG_WARN_EMPTY_BODY = YES;
				CLANG_WARN_ENUM_CONVERSION = YES;
				CLANG_WARN_INFINITE_RECURSION = YES;
				CLANG_WARN_INT_CONVERSION = YES;
				CLANG_WARN_NON_LITERAL_NULL_CONVERSION = YES;
				CLANG_WARN_OBJC_IMPLICIT_RETAIN_SELF = YES;
				CLANG_WARN_OBJC_LITERAL_CONVERSION = YES;
				CLANG_WARN_OBJC_ROOT_CLASS = YES_ERROR;
				CLANG_WARN_QUOTED_INCLUDE_IN_FRAMEWORK_HEADER = YES;
				CLANG_WARN_RANGE_LOOP_ANALYSIS = YES;
				CLANG_WARN_STRICT_PROTOTYPES = YES;
				CLANG_WARN_SUSPICIOUS_MOVE = YES;
				CLANG_WARN_UNGUARDED_AVAILABILITY = YES_AGGRESSIVE;
				CLANG_WARN_UNREACHABLE_CODE = YES;
				CLANG_WARN__DUPLICATE_METHOD_MATCH = YES;
				COPY_PHASE_STRIP = NO;
				DEBUG_INFORMATION_FORMAT = dwarf;
				ENABLE_STRICT_OBJC_MSGSEND = YES;
				ENABLE_TESTABILITY = YES;
				GCC_C_LANGUAGE_STANDARD = gnu11;
				GCC_DYNAMIC_NO_PIC = NO;
				GCC_NO_COMMON_BLOCKS = YES;
				GCC_OPTIMIZATION_LEVEL = 0;
				GCC_PREPROCESSOR_DEFINITIONS = (
					"DEBUG=1",
					"$(inherited)",
				);
				GCC_WARN_64_TO_32_BIT_CONVERSION = YES;
				GCC_WARN_ABOUT_RETURN_TYPE = YES_ERROR;
				GCC_WARN_UNDECLARED_SELECTOR = YES;
				GCC_WARN_UNINITIALIZED_AUTOS = YES_AGGRESSIVE;
				GCC_WARN_UNUSED_FUNCTION = YES;
				GCC_WARN_UNUSED_VARIABLE = YES;
				IPHONEOS_DEPLOYMENT_TARGET = 16.2;
				MTL_ENABLE_DEBUG_INFO = INCLUDE_SOURCE;
				MTL_FAST_MATH = YES;
				ONLY_ACTIVE_ARCH = YES;
				SDKROOT = iphoneos;
				SWIFT_ACTIVE_COMPILATION_CONDITIONS = DEBUG;
				SWIFT_OPTIMIZATION_LEVEL = "-Onone";
			};
			name = Debug;
		};
		28AA6D42299D4208008F1E65 /* Release */ = {
			isa = XCBuildConfiguration;
			buildSettings = {
				ALWAYS_SEARCH_USER_PATHS = NO;
				CLANG_ANALYZER_NONNULL = YES;
				CLANG_ANALYZER_NUMBER_OBJECT_CONVERSION = YES_AGGRESSIVE;
				CLANG_CXX_LANGUAGE_STANDARD = "gnu++20";
				CLANG_ENABLE_MODULES = YES;
				CLANG_ENABLE_OBJC_ARC = YES;
				CLANG_ENABLE_OBJC_WEAK = YES;
				CLANG_WARN_BLOCK_CAPTURE_AUTORELEASING = YES;
				CLANG_WARN_BOOL_CONVERSION = YES;
				CLANG_WARN_COMMA = YES;
				CLANG_WARN_CONSTANT_CONVERSION = YES;
				CLANG_WARN_DEPRECATED_OBJC_IMPLEMENTATIONS = YES;
				CLANG_WARN_DIRECT_OBJC_ISA_USAGE = YES_ERROR;
				CLANG_WARN_DOCUMENTATION_COMMENTS = YES;
				CLANG_WARN_EMPTY_BODY = YES;
				CLANG_WARN_ENUM_CONVERSION = YES;
				CLANG_WARN_INFINITE_RECURSION = YES;
				CLANG_WARN_INT_CONVERSION = YES;
				CLANG_WARN_NON_LITERAL_NULL_CONVERSION = YES;
				CLANG_WARN_OBJC_IMPLICIT_RETAIN_SELF = YES;
				CLANG_WARN_OBJC_LITERAL_CONVERSION = YES;
				CLANG_WARN_OBJC_ROOT_CLASS = YES_ERROR;
				CLANG_WARN_QUOTED_INCLUDE_IN_FRAMEWORK_HEADER = YES;
				CLANG_WARN_RANGE_LOOP_ANALYSIS = YES;
				CLANG_WARN_STRICT_PROTOTYPES = YES;
				CLANG_WARN_SUSPICIOUS_MOVE = YES;
				CLANG_WARN_UNGUARDED_AVAILABILITY = YES_AGGRESSIVE;
				CLANG_WARN_UNREACHABLE_CODE = YES;
				CLANG_WARN__DUPLICATE_METHOD_MATCH = YES;
				COPY_PHASE_STRIP = NO;
				DEBUG_INFORMATION_FORMAT = "dwarf-with-dsym";
				ENABLE_NS_ASSERTIONS = NO;
				ENABLE_STRICT_OBJC_MSGSEND = YES;
				GCC_C_LANGUAGE_STANDARD = gnu11;
				GCC_NO_COMMON_BLOCKS = YES;
				GCC_WARN_64_TO_32_BIT_CONVERSION = YES;
				GCC_WARN_ABOUT_RETURN_TYPE = YES_ERROR;
				GCC_WARN_UNDECLARED_SELECTOR = YES;
				GCC_WARN_UNINITIALIZED_AUTOS = YES_AGGRESSIVE;
				GCC_WARN_UNUSED_FUNCTION = YES;
				GCC_WARN_UNUSED_VARIABLE = YES;
				IPHONEOS_DEPLOYMENT_TARGET = 16.2;
				MTL_ENABLE_DEBUG_INFO = NO;
				MTL_FAST_MATH = YES;
				SDKROOT = iphoneos;
				SWIFT_COMPILATION_MODE = wholemodule;
				SWIFT_OPTIMIZATION_LEVEL = "-O";
				VALIDATE_PRODUCT = YES;
			};
			name = Release;
		};
		28AA6D44299D4208008F1E65 /* Debug */ = {
			isa = XCBuildConfiguration;
			buildSettings = {
				ASSETCATALOG_COMPILER_APPICON_NAME = AppIcon;
				ASSETCATALOG_COMPILER_GLOBAL_ACCENT_COLOR_NAME = AccentColor;
				CODE_SIGN_STYLE = Automatic;
				CURRENT_PROJECT_VERSION = 1;
				DEVELOPMENT_TEAM = Z767NVP4CG;
				GENERATE_INFOPLIST_FILE = YES;
				INFOPLIST_FILE = ToDoList/App/Info.plist;
				INFOPLIST_KEY_UIApplicationSupportsIndirectInputEvents = YES;
				INFOPLIST_KEY_UILaunchStoryboardName = LaunchScreen;
				INFOPLIST_KEY_UIMainStoryboardFile = Main;
				INFOPLIST_KEY_UISupportedInterfaceOrientations = UIInterfaceOrientationPortrait;
				INFOPLIST_KEY_UISupportedInterfaceOrientations_iPad = "UIInterfaceOrientationLandscapeLeft UIInterfaceOrientationLandscapeRight UIInterfaceOrientationPortrait UIInterfaceOrientationPortraitUpsideDown";
				LD_RUNPATH_SEARCH_PATHS = (
					"$(inherited)",
					"@executable_path/Frameworks",
				);
				MARKETING_VERSION = 1.0;
				PRODUCT_BUNDLE_IDENTIFIER = denisvasilev.ToDoList;
				PRODUCT_NAME = "$(TARGET_NAME)";
				SUPPORTED_PLATFORMS = "iphoneos iphonesimulator";
				SUPPORTS_MACCATALYST = NO;
				SUPPORTS_MAC_DESIGNED_FOR_IPHONE_IPAD = NO;
				SWIFT_EMIT_LOC_STRINGS = YES;
				SWIFT_VERSION = 5.0;
				TARGETED_DEVICE_FAMILY = 1;
			};
			name = Debug;
		};
		28AA6D45299D4208008F1E65 /* Release */ = {
			isa = XCBuildConfiguration;
			buildSettings = {
				ASSETCATALOG_COMPILER_APPICON_NAME = AppIcon;
				ASSETCATALOG_COMPILER_GLOBAL_ACCENT_COLOR_NAME = AccentColor;
				CODE_SIGN_STYLE = Automatic;
				CURRENT_PROJECT_VERSION = 1;
				DEVELOPMENT_TEAM = Z767NVP4CG;
				GENERATE_INFOPLIST_FILE = YES;
				INFOPLIST_FILE = ToDoList/App/Info.plist;
				INFOPLIST_KEY_UIApplicationSupportsIndirectInputEvents = YES;
				INFOPLIST_KEY_UILaunchStoryboardName = LaunchScreen;
				INFOPLIST_KEY_UIMainStoryboardFile = Main;
				INFOPLIST_KEY_UISupportedInterfaceOrientations = UIInterfaceOrientationPortrait;
				INFOPLIST_KEY_UISupportedInterfaceOrientations_iPad = "UIInterfaceOrientationLandscapeLeft UIInterfaceOrientationLandscapeRight UIInterfaceOrientationPortrait UIInterfaceOrientationPortraitUpsideDown";
				LD_RUNPATH_SEARCH_PATHS = (
					"$(inherited)",
					"@executable_path/Frameworks",
				);
				MARKETING_VERSION = 1.0;
				PRODUCT_BUNDLE_IDENTIFIER = denisvasilev.ToDoList;
				PRODUCT_NAME = "$(TARGET_NAME)";
				SUPPORTED_PLATFORMS = "iphoneos iphonesimulator";
				SUPPORTS_MACCATALYST = NO;
				SUPPORTS_MAC_DESIGNED_FOR_IPHONE_IPAD = NO;
				SWIFT_EMIT_LOC_STRINGS = YES;
				SWIFT_VERSION = 5.0;
				TARGETED_DEVICE_FAMILY = 1;
			};
			name = Release;
		};
/* End XCBuildConfiguration section */

/* Begin XCConfigurationList section */
		28AA6D2A299D4205008F1E65 /* Build configuration list for PBXProject "ToDoList" */ = {
			isa = XCConfigurationList;
			buildConfigurations = (
				28AA6D41299D4208008F1E65 /* Debug */,
				28AA6D42299D4208008F1E65 /* Release */,
			);
			defaultConfigurationIsVisible = 0;
			defaultConfigurationName = Release;
		};
		28AA6D43299D4208008F1E65 /* Build configuration list for PBXNativeTarget "ToDoList" */ = {
			isa = XCConfigurationList;
			buildConfigurations = (
				28AA6D44299D4208008F1E65 /* Debug */,
				28AA6D45299D4208008F1E65 /* Release */,
			);
			defaultConfigurationIsVisible = 0;
			defaultConfigurationName = Release;
		};
/* End XCConfigurationList section */
	};
	rootObject = 28AA6D27299D4205008F1E65 /* Project object */;
}
